
Microsoft Visual Studio Solution File, Format Version 12.00
# Visual Studio Version 17
VisualStudioVersion = 17.8.34525.116
MinimumVisualStudioVersion = 10.0.40219.1
Project("{FAE04EC0-301F-11D3-BF4B-00C04F79EFBC}") = "Redis_DistributedCache", "Redis_DistributedCache\Redis_DistributedCache.csproj", "{FBE39CEA-31F6-40C8-95E7-0D8C7C032E69}"
EndProject
Global
	GlobalSection(SolutionConfigurationPlatforms) = preSolution
		Debug|Any CPU = Debug|Any CPU
		Release|Any CPU = Release|Any CPU
	EndGlobalSection
	GlobalSection(ProjectConfigurationPlatforms) = postSolution
		{FBE39CEA-31F6-40C8-95E7-0D8C7C032E69}.Debug|Any CPU.ActiveCfg = Debug|Any CPU
		{FBE39CEA-31F6-40C8-95E7-0D8C7C032E69}.Debug|Any CPU.Build.0 = Debug|Any CPU
		{FBE39CEA-31F6-40C8-95E7-0D8C7C032E69}.Release|Any CPU.ActiveCfg = Release|Any CPU
		{FBE39CEA-31F6-40C8-95E7-0D8C7C032E69}.Release|Any CPU.Build.0 = Release|Any CPU
	EndGlobalSection
	GlobalSection(SolutionProperties) = preSolution
		HideSolutionNode = FALSE
	EndGlobalSection
	GlobalSection(ExtensibilityGlobals) = postSolution
		SolutionGuid = {F2E17597-1177-400C-AB00-1F01EA328766}
	EndGlobalSection
EndGlobal
